// !$*UTF8*$!
{
	archiveVersion = 1;
	classes = {
	};
	objectVersion = 53;
	objects = {

/* Begin PBXBuildFile section */
		DD835B2E27BA77B5005D8098 /* main.swift in Sources */ = {isa = PBXBuildFile; fileRef = DD835B2D27BA77B5005D8098 /* main.swift */; };
		DD835B3627BA7820005D8098 /* TINUIORegistry in Frameworks */ = {isa = PBXBuildFile; productRef = DD835B3527BA7820005D8098 /* TINUIORegistry */; };
		DD835B3927BA789F005D8098 /* TINUSerialization in Frameworks */ = {isa = PBXBuildFile; productRef = DD835B3827BA789F005D8098 /* TINUSerialization */; };
		DD914B6A27BC011E00BA0474 /* ExtensionsAndTypes.swift in Sources */ = {isa = PBXBuildFile; fileRef = DD914B6927BC011E00BA0474 /* ExtensionsAndTypes.swift */; };
/* End PBXBuildFile section */

/* Begin PBXCopyFilesBuildPhase section */
		DD835B2827BA77B5005D8098 /* CopyFiles */ = {
			isa = PBXCopyFilesBuildPhase;
			buildActionMask = 2147483647;
			dstPath = /usr/share/man/man1/;
			dstSubfolderSpec = 0;
			files = (
			);
			runOnlyForDeploymentPostprocessing = 1;
		};
/* End PBXCopyFilesBuildPhase section */

/* Begin PBXFileReference section */
		DD835B2A27BA77B5005D8098 /* ioreg2plist */ = {isa = PBXFileReference; explicitFileType = "compiled.mach-o.executable"; includeInIndex = 0; path = ioreg2plist; sourceTree = BUILT_PRODUCTS_DIR; };
		DD835B2D27BA77B5005D8098 /* main.swift */ = {isa = PBXFileReference; lastKnownFileType = sourcecode.swift; path = main.swift; sourceTree = "<group>"; };
		DD835B3A27BB097D005D8098 /* LICENSE */ = {isa = PBXFileReference; lastKnownFileType = text; path = LICENSE; sourceTree = "<group>"; };
		DD835B3B27BB097D005D8098 /* README.md */ = {isa = PBXFileReference; lastKnownFileType = net.daringfireball.markdown; path = README.md; sourceTree = "<group>"; };
		DD914B6927BC011E00BA0474 /* ExtensionsAndTypes.swift */ = {isa = PBXFileReference; lastKnownFileType = sourcecode.swift; path = ExtensionsAndTypes.swift; sourceTree = "<group>"; };
/* End PBXFileReference section */

/* Begin PBXFrameworksBuildPhase section */
		DD835B2727BA77B5005D8098 /* Frameworks */ = {
			isa = PBXFrameworksBuildPhase;
			buildActionMask = 2147483647;
			files = (
				DD835B3627BA7820005D8098 /* TINUIORegistry in Frameworks */,
				DD835B3927BA789F005D8098 /* TINUSerialization in Frameworks */,
			);
			runOnlyForDeploymentPostprocessing = 0;
		};
/* End PBXFrameworksBuildPhase section */

/* Begin PBXGroup section */
		DD835B2127BA77B5005D8098 = {
			isa = PBXGroup;
			children = (
				DD835B3A27BB097D005D8098 /* LICENSE */,
				DD835B3B27BB097D005D8098 /* README.md */,
				DD835B2C27BA77B5005D8098 /* ioreg2plist */,
				DD835B2B27BA77B5005D8098 /* Products */,
			);
			sourceTree = "<group>";
		};
		DD835B2B27BA77B5005D8098 /* Products */ = {
			isa = PBXGroup;
			children = (
				DD835B2A27BA77B5005D8098 /* ioreg2plist */,
			);
			name = Products;
			sourceTree = "<group>";
		};
		DD835B2C27BA77B5005D8098 /* ioreg2plist */ = {
			isa = PBXGroup;
			children = (
				DD835B2D27BA77B5005D8098 /* main.swift */,
				DD914B6927BC011E00BA0474 /* ExtensionsAndTypes.swift */,
			);
			path = ioreg2plist;
			sourceTree = "<group>";
		};
/* End PBXGroup section */

/* Begin PBXNativeTarget section */
		DD835B2927BA77B5005D8098 /* ioreg2plist */ = {
			isa = PBXNativeTarget;
			buildConfigurationList = DD835B3127BA77B5005D8098 /* Build configuration list for PBXNativeTarget "ioreg2plist" */;
			buildPhases = (
				DD835B2627BA77B5005D8098 /* Sources */,
				DD835B2727BA77B5005D8098 /* Frameworks */,
				DD835B2827BA77B5005D8098 /* CopyFiles */,
			);
			buildRules = (
			);
			dependencies = (
			);
			name = ioreg2plist;
			packageProductDependencies = (
				DD835B3527BA7820005D8098 /* TINUIORegistry */,
				DD835B3827BA789F005D8098 /* TINUSerialization */,
			);
			productName = ioreg2json;
			productReference = DD835B2A27BA77B5005D8098 /* ioreg2plist */;
			productType = "com.apple.product-type.tool";
		};
/* End PBXNativeTarget section */

/* Begin PBXProject section */
		DD835B2227BA77B5005D8098 /* Project object */ = {
			isa = PBXProject;
			attributes = {
				BuildIndependentTargetsInParallel = 1;
				LastSwiftUpdateCheck = 1320;
				LastUpgradeCheck = 1320;
				TargetAttributes = {
					DD835B2927BA77B5005D8098 = {
						CreatedOnToolsVersion = 13.2.1;
					};
				};
			};
			buildConfigurationList = DD835B2527BA77B5005D8098 /* Build configuration list for PBXProject "ioreg2plist" */;
			compatibilityVersion = "Xcode 8.0";
			developmentRegion = en;
			hasScannedForEncodings = 0;
			knownRegions = (
				en,
				Base,
			);
			mainGroup = DD835B2127BA77B5005D8098;
			packageReferences = (
				DD835B3427BA7820005D8098 /* XCRemoteSwiftPackageReference "TINUIORegistry" */,
				DD835B3727BA789F005D8098 /* XCRemoteSwiftPackageReference "TINUSerialization" */,
			);
			productRefGroup = DD835B2B27BA77B5005D8098 /* Products */;
			projectDirPath = "";
			projectRoot = "";
			targets = (
				DD835B2927BA77B5005D8098 /* ioreg2plist */,
			);
		};
/* End PBXProject section */

/* Begin PBXSourcesBuildPhase section */
		DD835B2627BA77B5005D8098 /* Sources */ = {
			isa = PBXSourcesBuildPhase;
			buildActionMask = 2147483647;
			files = (
				DD835B2E27BA77B5005D8098 /* main.swift in Sources */,
				DD914B6A27BC011E00BA0474 /* ExtensionsAndTypes.swift in Sources */,
			);
			runOnlyForDeploymentPostprocessing = 0;
		};
/* End PBXSourcesBuildPhase section */

/* Begin XCBuildConfiguration section */
		DD835B2F27BA77B5005D8098 /* Debug */ = {
			isa = XCBuildConfiguration;
			buildSettings = {
				ALWAYS_SEARCH_USER_PATHS = NO;
				CLANG_ANALYZER_NONNULL = YES;
				CLANG_ANALYZER_NUMBER_OBJECT_CONVERSION = YES_AGGRESSIVE;
				CLANG_CXX_LANGUAGE_STANDARD = "gnu++17";
				CLANG_CXX_LIBRARY = "libc++";
				CLANG_ENABLE_MODULES = YES;
				CLANG_ENABLE_OBJC_ARC = YES;
				CLANG_ENABLE_OBJC_WEAK = YES;
				CLANG_WARN_BLOCK_CAPTURE_AUTORELEASING = YES;
				CLANG_WARN_BOOL_CONVERSION = YES;
				CLANG_WARN_COMMA = YES;
				CLANG_WARN_CONSTANT_CONVERSION = YES;
				CLANG_WARN_DEPRECATED_OBJC_IMPLEMENTATIONS = YES;
				CLANG_WARN_DIRECT_OBJC_ISA_USAGE = YES_ERROR;
				CLANG_WARN_DOCUMENTATION_COMMENTS = YES;
				CLANG_WARN_EMPTY_BODY = YES;
				CLANG_WARN_ENUM_CONVERSION = YES;
				CLANG_WARN_INFINITE_RECURSION = YES;
				CLANG_WARN_INT_CONVERSION = YES;
				CLANG_WARN_NON_LITERAL_NULL_CONVERSION = YES;
				CLANG_WARN_OBJC_IMPLICIT_RETAIN_SELF = YES;
				CLANG_WARN_OBJC_LITERAL_CONVERSION = YES;
				CLANG_WARN_OBJC_ROOT_CLASS = YES_ERROR;
				CLANG_WARN_QUOTED_INCLUDE_IN_FRAMEWORK_HEADER = YES;
				CLANG_WARN_RANGE_LOOP_ANALYSIS = YES;
				CLANG_WARN_STRICT_PROTOTYPES = YES;
				CLANG_WARN_SUSPICIOUS_MOVE = YES;
				CLANG_WARN_UNGUARDED_AVAILABILITY = YES_AGGRESSIVE;
				CLANG_WARN_UNREACHABLE_CODE = YES;
				CLANG_WARN__DUPLICATE_METHOD_MATCH = YES;
				COPY_PHASE_STRIP = NO;
				DEBUG_INFORMATION_FORMAT = dwarf;
				ENABLE_STRICT_OBJC_MSGSEND = YES;
				ENABLE_TESTABILITY = YES;
				GCC_C_LANGUAGE_STANDARD = gnu11;
				GCC_DYNAMIC_NO_PIC = NO;
				GCC_NO_COMMON_BLOCKS = YES;
				GCC_OPTIMIZATION_LEVEL = 0;
				GCC_PREPROCESSOR_DEFINITIONS = (
					"DEBUG=1",
					"$(inherited)",
				);
				GCC_WARN_64_TO_32_BIT_CONVERSION = YES;
				GCC_WARN_ABOUT_RETURN_TYPE = YES_ERROR;
				GCC_WARN_UNDECLARED_SELECTOR = YES;
				GCC_WARN_UNINITIALIZED_AUTOS = YES_AGGRESSIVE;
				GCC_WARN_UNUSED_FUNCTION = YES;
				GCC_WARN_UNUSED_VARIABLE = YES;
				MACOSX_DEPLOYMENT_TARGET = 10.9;
				MTL_ENABLE_DEBUG_INFO = INCLUDE_SOURCE;
				MTL_FAST_MATH = YES;
				ONLY_ACTIVE_ARCH = YES;
				SDKROOT = macosx;
				SWIFT_ACTIVE_COMPILATION_CONDITIONS = DEBUG;
				SWIFT_OPTIMIZATION_LEVEL = "-Onone";
			};
			name = Debug;
		};
		DD835B3027BA77B5005D8098 /* Release */ = {
			isa = XCBuildConfiguration;
			buildSettings = {
				ALWAYS_SEARCH_USER_PATHS = NO;
				CLANG_ANALYZER_NONNULL = YES;
				CLANG_ANALYZER_NUMBER_OBJECT_CONVERSION = YES_AGGRESSIVE;
				CLANG_CXX_LANGUAGE_STANDARD = "gnu++17";
				CLANG_CXX_LIBRARY = "libc++";
				CLANG_ENABLE_MODULES = YES;
				CLANG_ENABLE_OBJC_ARC = YES;
				CLANG_ENABLE_OBJC_WEAK = YES;
				CLANG_WARN_BLOCK_CAPTURE_AUTORELEASING = YES;
				CLANG_WARN_BOOL_CONVERSION = YES;
				CLANG_WARN_COMMA = YES;
				CLANG_WARN_CONSTANT_CONVERSION = YES;
				CLANG_WARN_DEPRECATED_OBJC_IMPLEMENTATIONS = YES;
				CLANG_WARN_DIRECT_OBJC_ISA_USAGE = YES_ERROR;
				CLANG_WARN_DOCUMENTATION_COMMENTS = YES;
				CLANG_WARN_EMPTY_BODY = YES;
				CLANG_WARN_ENUM_CONVERSION = YES;
				CLANG_WARN_INFINITE_RECURSION = YES;
				CLANG_WARN_INT_CONVERSION = YES;
				CLANG_WARN_NON_LITERAL_NULL_CONVERSION = YES;
				CLANG_WARN_OBJC_IMPLICIT_RETAIN_SELF = YES;
				CLANG_WARN_OBJC_LITERAL_CONVERSION = YES;
				CLANG_WARN_OBJC_ROOT_CLASS = YES_ERROR;
				CLANG_WARN_QUOTED_INCLUDE_IN_FRAMEWORK_HEADER = YES;
				CLANG_WARN_RANGE_LOOP_ANALYSIS = YES;
				CLANG_WARN_STRICT_PROTOTYPES = YES;
				CLANG_WARN_SUSPICIOUS_MOVE = YES;
				CLANG_WARN_UNGUARDED_AVAILABILITY = YES_AGGRESSIVE;
				CLANG_WARN_UNREACHABLE_CODE = YES;
				CLANG_WARN__DUPLICATE_METHOD_MATCH = YES;
				COPY_PHASE_STRIP = NO;
				DEBUG_INFORMATION_FORMAT = "dwarf-with-dsym";
				ENABLE_NS_ASSERTIONS = NO;
				ENABLE_STRICT_OBJC_MSGSEND = YES;
				GCC_C_LANGUAGE_STANDARD = gnu11;
				GCC_NO_COMMON_BLOCKS = YES;
				GCC_WARN_64_TO_32_BIT_CONVERSION = YES;
				GCC_WARN_ABOUT_RETURN_TYPE = YES_ERROR;
				GCC_WARN_UNDECLARED_SELECTOR = YES;
				GCC_WARN_UNINITIALIZED_AUTOS = YES_AGGRESSIVE;
				GCC_WARN_UNUSED_FUNCTION = YES;
				GCC_WARN_UNUSED_VARIABLE = YES;
				MACOSX_DEPLOYMENT_TARGET = 10.9;
				MTL_ENABLE_DEBUG_INFO = NO;
				MTL_FAST_MATH = YES;
				SDKROOT = macosx;
				SWIFT_COMPILATION_MODE = wholemodule;
				SWIFT_OPTIMIZATION_LEVEL = "-O";
			};
			name = Release;
		};
		DD835B3227BA77B5005D8098 /* Debug */ = {
			isa = XCBuildConfiguration;
			buildSettings = {
				CODE_SIGN_STYLE = Automatic;
				MACOSX_DEPLOYMENT_TARGET = 10.9;
				PRODUCT_NAME = "$(TARGET_NAME)";
				SWIFT_VERSION = 5.0;
			};
			name = Debug;
		};
		DD835B3327BA77B5005D8098 /* Release */ = {
			isa = XCBuildConfiguration;
			buildSettings = {
				CODE_SIGN_STYLE = Automatic;
				MACOSX_DEPLOYMENT_TARGET = 10.9;
				PRODUCT_NAME = "$(TARGET_NAME)";
				SWIFT_VERSION = 5.0;
			};
			name = Release;
		};
/* End XCBuildConfiguration section */

/* Begin XCConfigurationList section */
		DD835B2527BA77B5005D8098 /* Build configuration list for PBXProject "ioreg2plist" */ = {
			isa = XCConfigurationList;
			buildConfigurations = (
				DD835B2F27BA77B5005D8098 /* Debug */,
				DD835B3027BA77B5005D8098 /* Release */,
			);
			defaultConfigurationIsVisible = 0;
			defaultConfigurationName = Release;
		};
		DD835B3127BA77B5005D8098 /* Build configuration list for PBXNativeTarget "ioreg2plist" */ = {
			isa = XCConfigurationList;
			buildConfigurations = (
				DD835B3227BA77B5005D8098 /* Debug */,
				DD835B3327BA77B5005D8098 /* Release */,
			);
			defaultConfigurationIsVisible = 0;
			defaultConfigurationName = Release;
		};
/* End XCConfigurationList section */

/* Begin XCRemoteSwiftPackageReference section */
		DD835B3427BA7820005D8098 /* XCRemoteSwiftPackageReference "TINUIORegistry" */ = {
			isa = XCRemoteSwiftPackageReference;
			repositoryURL = "https://github.com/ITzTravelInTime/TINUIORegistry";
			requirement = {
				kind = upToNextMajorVersion;
				minimumVersion = 0.0.3;
			};
		};
		DD835B3727BA789F005D8098 /* XCRemoteSwiftPackageReference "TINUSerialization" */ = {
			isa = XCRemoteSwiftPackageReference;
			repositoryURL = "https://github.com/ITzTravelInTime/TINUSerialization";
			requirement = {
				kind = upToNextMajorVersion;
				minimumVersion = 0.0.2;
			};
		};
/* End XCRemoteSwiftPackageReference section */

/* Begin XCSwiftPackageProductDependency section */
		DD835B3527BA7820005D8098 /* TINUIORegistry */ = {
			isa = XCSwiftPackageProductDependency;
			package = DD835B3427BA7820005D8098 /* XCRemoteSwiftPackageReference "TINUIORegistry" */;
			productName = TINUIORegistry;
		};
		DD835B3827BA789F005D8098 /* TINUSerialization */ = {
			isa = XCSwiftPackageProductDependency;
			package = DD835B3727BA789F005D8098 /* XCRemoteSwiftPackageReference "TINUSerialization" */;
			productName = TINUSerialization;
		};
/* End XCSwiftPackageProductDependency section */
	};
	rootObject = DD835B2227BA77B5005D8098 /* Project object */;
}
