{
  "object": {
    "pins": [
      {
        "package": "SwiftLoggedPrint",
        "repositoryURL": "https://github.com/ITzTravelInTime/SwiftLoggedPrint",
        "state": {
          "branch": null,
          "revision": "5236d5d1bcf0306d316bb6ac0af9ee6f07894f2f",
          "version": "3.2.0"
        }
      },
      {
        "package": "TINUIOKit",
        "repositoryURL": "https://github.com/ITzTravelInTime/TINUIORegistry",
        "state": {
          "branch": null,
          "revision": "59055fda3379bb43e3a71c5aad3211e03e866df5",
          "version": "0.0.1"
        }
      },
      {
        "package": "TINURecovery",
        "repositoryURL": "https://github.com/ITzTravelInTime/TINURecovery",
        "state": {
          "branch": null,
          "revision": "9a0877a74bdd3f3dd2414a0e709c2b4ed439cd0f",
          "version": "4.1.0"
        }
      },
      {
        "package": "TINUSerialization",
        "repositoryURL": "https://github.com/ITzTravelInTime/TINUSerialization",
        "state": {
          "branch": null,
          "revision": "9bf196b2b56ee63ae9dffa072798346813a17235",
          "version": "0.0.1"
        }
      }
    ]
  },
  "version": 1
}
